
Microsoft Visual Studio Solution File, Format Version 12.00
# Visual Studio Version 17
VisualStudioVersion = 17.9.34310.174
MinimumVisualStudioVersion = 10.0.40219.1
Project("{FAE04EC0-301F-11D3-BF4B-00C04F79EFBC}") = "Order.API", "Order.API\Order.API.csproj", "{78B69C54-13D2-48E5-B7D0-E64803F90037}"
EndProject
Project("{FAE04EC0-301F-11D3-BF4B-00C04F79EFBC}") = "Stock.API", "Stock.API\Stock.API.csproj", "{7144DB9D-C9CA-4382-AB5F-DF0B735D8657}"
EndProject
Project("{FAE04EC0-301F-11D3-BF4B-00C04F79EFBC}") = "Payment.API", "Payment.API\Payment.API.csproj", "{3C09B3C8-6493-451D-91BA-2E1BCDBAAFD6}"
EndProject
Project("{FAE04EC0-301F-11D3-BF4B-00C04F79EFBC}") = "Shared", "Shared\Shared.csproj", "{88ACC72E-7EB0-4B3D-9D8E-C56D1020D4E1}"
EndProject
Global
	GlobalSection(SolutionConfigurationPlatforms) = preSolution
		Debug|Any CPU = Debug|Any CPU
		Release|Any CPU = Release|Any CPU
	EndGlobalSection
	GlobalSection(ProjectConfigurationPlatforms) = postSolution
		{78B69C54-13D2-48E5-B7D0-E64803F90037}.Debug|Any CPU.ActiveCfg = Debug|Any CPU
		{78B69C54-13D2-48E5-B7D0-E64803F90037}.Debug|Any CPU.Build.0 = Debug|Any CPU
		{78B69C54-13D2-48E5-B7D0-E64803F90037}.Release|Any CPU.ActiveCfg = Release|Any CPU
		{78B69C54-13D2-48E5-B7D0-E64803F90037}.Release|Any CPU.Build.0 = Release|Any CPU
		{7144DB9D-C9CA-4382-AB5F-DF0B735D8657}.Debug|Any CPU.ActiveCfg = Debug|Any CPU
		{7144DB9D-C9CA-4382-AB5F-DF0B735D8657}.Debug|Any CPU.Build.0 = Debug|Any CPU
		{7144DB9D-C9CA-4382-AB5F-DF0B735D8657}.Release|Any CPU.ActiveCfg = Release|Any CPU
		{7144DB9D-C9CA-4382-AB5F-DF0B735D8657}.Release|Any CPU.Build.0 = Release|Any CPU
		{3C09B3C8-6493-451D-91BA-2E1BCDBAAFD6}.Debug|Any CPU.ActiveCfg = Debug|Any CPU
		{3C09B3C8-6493-451D-91BA-2E1BCDBAAFD6}.Debug|Any CPU.Build.0 = Debug|Any CPU
		{3C09B3C8-6493-451D-91BA-2E1BCDBAAFD6}.Release|Any CPU.ActiveCfg = Release|Any CPU
		{3C09B3C8-6493-451D-91BA-2E1BCDBAAFD6}.Release|Any CPU.Build.0 = Release|Any CPU
		{88ACC72E-7EB0-4B3D-9D8E-C56D1020D4E1}.Debug|Any CPU.ActiveCfg = Debug|Any CPU
		{88ACC72E-7EB0-4B3D-9D8E-C56D1020D4E1}.Debug|Any CPU.Build.0 = Debug|Any CPU
		{88ACC72E-7EB0-4B3D-9D8E-C56D1020D4E1}.Release|Any CPU.ActiveCfg = Release|Any CPU
		{88ACC72E-7EB0-4B3D-9D8E-C56D1020D4E1}.Release|Any CPU.Build.0 = Release|Any CPU
	EndGlobalSection
	GlobalSection(SolutionProperties) = preSolution
		HideSolutionNode = FALSE
	EndGlobalSection
	GlobalSection(ExtensibilityGlobals) = postSolution
		SolutionGuid = {322679EC-BDA4-4855-8FAA-7E3A60D5767E}
	EndGlobalSection
EndGlobal
